
Microsoft Visual Studio Solution File, Format Version 12.00
# Visual Studio Version 17
VisualStudioVersion = 17.9.34728.123
MinimumVisualStudioVersion = 10.0.40219.1
Project("{FAE04EC0-301F-11D3-BF4B-00C04F79EFBC}") = "JuegoTresEnRayaClases", "JuegoTresEnRayaClases\JuegoTresEnRayaClases.csproj", "{16B13538-1546-44C5-AB8D-A07B1B13B572}"
EndProject
Global
	GlobalSection(SolutionConfigurationPlatforms) = preSolution
		Debug|Any CPU = Debug|Any CPU
		Release|Any CPU = Release|Any CPU
	EndGlobalSection
	GlobalSection(ProjectConfigurationPlatforms) = postSolution
		{16B13538-1546-44C5-AB8D-A07B1B13B572}.Debug|Any CPU.ActiveCfg = Debug|Any CPU
		{16B13538-1546-44C5-AB8D-A07B1B13B572}.Debug|Any CPU.Build.0 = Debug|Any CPU
		{16B13538-1546-44C5-AB8D-A07B1B13B572}.Release|Any CPU.ActiveCfg = Release|Any CPU
		{16B13538-1546-44C5-AB8D-A07B1B13B572}.Release|Any CPU.Build.0 = Release|Any CPU
	EndGlobalSection
	GlobalSection(SolutionProperties) = preSolution
		HideSolutionNode = FALSE
	EndGlobalSection
	GlobalSection(ExtensibilityGlobals) = postSolution
		SolutionGuid = {C68034BA-891B-4C0C-8FF0-5FA962CA83AA}
	EndGlobalSection
EndGlobal
